
Microsoft Visual Studio Solution File, Format Version 12.00
# Visual Studio Version 17
VisualStudioVersion = 17.3.32804.467
MinimumVisualStudioVersion = 10.0.40219.1
Project("{FAE04EC0-301F-11D3-BF4B-00C04F79EFBC}") = "OptimaBaseForm", "OptimaBaseForm\OptimaBaseForm.csproj", "{3C24CC0B-8938-418B-A755-2227E12A3C90}"
EndProject
Global
	GlobalSection(SolutionConfigurationPlatforms) = preSolution
		Debug|Any CPU = Debug|Any CPU
		Release|Any CPU = Release|Any CPU
	EndGlobalSection
	GlobalSection(ProjectConfigurationPlatforms) = postSolution
		{3C24CC0B-8938-418B-A755-2227E12A3C90}.Debug|Any CPU.ActiveCfg = Debug|Any CPU
		{3C24CC0B-8938-418B-A755-2227E12A3C90}.Debug|Any CPU.Build.0 = Debug|Any CPU
		{3C24CC0B-8938-418B-A755-2227E12A3C90}.Release|Any CPU.ActiveCfg = Release|Any CPU
		{3C24CC0B-8938-418B-A755-2227E12A3C90}.Release|Any CPU.Build.0 = Release|Any CPU
	EndGlobalSection
	GlobalSection(SolutionProperties) = preSolution
		HideSolutionNode = FALSE
	EndGlobalSection
	GlobalSection(ExtensibilityGlobals) = postSolution
		SolutionGuid = {04CD5C59-6703-4EDE-A1DC-346174837115}
	EndGlobalSection
EndGlobal
